
Microsoft Visual Studio Solution File, Format Version 12.00
# Visual Studio 15
VisualStudioVersion = 15.0.28307.572
MinimumVisualStudioVersion = 10.0.40219.1
Project("{FAE04EC0-301F-11D3-BF4B-00C04F79EFBC}") = "DapperORMProjectTempl", "DapperORMProjectTempl\DapperORMProjectTempl.csproj", "{ABC46BAE-D6ED-47B6-BCE4-EED01D3FAC7D}"
EndProject
Global
	GlobalSection(SolutionConfigurationPlatforms) = preSolution
		Debug|Any CPU = Debug|Any CPU
		Release|Any CPU = Release|Any CPU
	EndGlobalSection
	GlobalSection(ProjectConfigurationPlatforms) = postSolution
		{ABC46BAE-D6ED-47B6-BCE4-EED01D3FAC7D}.Debug|Any CPU.ActiveCfg = Debug|Any CPU
		{ABC46BAE-D6ED-47B6-BCE4-EED01D3FAC7D}.Debug|Any CPU.Build.0 = Debug|Any CPU
		{ABC46BAE-D6ED-47B6-BCE4-EED01D3FAC7D}.Release|Any CPU.ActiveCfg = Release|Any CPU
		{ABC46BAE-D6ED-47B6-BCE4-EED01D3FAC7D}.Release|Any CPU.Build.0 = Release|Any CPU
	EndGlobalSection
	GlobalSection(SolutionProperties) = preSolution
		HideSolutionNode = FALSE
	EndGlobalSection
	GlobalSection(ExtensibilityGlobals) = postSolution
		SolutionGuid = {D80DE55D-E63A-4958-8933-D7D58F92F985}
	EndGlobalSection
EndGlobal
